// !$*UTF8*$!
{
	archiveVersion = 1;
	classes = {
	};
	objectVersion = 56;
	objects = {

/* Begin PBXBuildFile section */
		3905F5282B5AA35600B910DD /* OnboardingViewController.swift in Sources */ = {isa = PBXBuildFile; fileRef = 3905F5272B5AA35600B910DD /* OnboardingViewController.swift */; };
		3905F52A2B5AA37300B910DD /* ProfileName.storyboard in Resources */ = {isa = PBXBuildFile; fileRef = 3905F5292B5AA37300B910DD /* ProfileName.storyboard */; };
		3905F52C2B5AA38200B910DD /* ProfileNameViewController.swift in Sources */ = {isa = PBXBuildFile; fileRef = 3905F52B2B5AA38200B910DD /* ProfileNameViewController.swift */; };
		3905F52E2B5AA39B00B910DD /* ProfileImageViewController.swift in Sources */ = {isa = PBXBuildFile; fileRef = 3905F52D2B5AA39B00B910DD /* ProfileImageViewController.swift */; };
		3905F5322B5AA3DF00B910DD /* MainSearch.storyboard in Resources */ = {isa = PBXBuildFile; fileRef = 3905F5312B5AA3DF00B910DD /* MainSearch.storyboard */; };
		3905F5342B5AA3EC00B910DD /* MainSearchViewController.swift in Sources */ = {isa = PBXBuildFile; fileRef = 3905F5332B5AA3EC00B910DD /* MainSearchViewController.swift */; };
		3905F5362B5AA60C00B910DD /* MainSearchEmpty.storyboard in Resources */ = {isa = PBXBuildFile; fileRef = 3905F5352B5AA60C00B910DD /* MainSearchEmpty.storyboard */; };
		3905F5382B5AA74C00B910DD /* MainSearchEmptyViewController.swift in Sources */ = {isa = PBXBuildFile; fileRef = 3905F5372B5AA74C00B910DD /* MainSearchEmptyViewController.swift */; };
		3905F53A2B5AA76C00B910DD /* SearchResult.storyboard in Resources */ = {isa = PBXBuildFile; fileRef = 3905F5392B5AA76C00B910DD /* SearchResult.storyboard */; };
		3905F53C2B5AA77700B910DD /* SearchResultViewController.swift in Sources */ = {isa = PBXBuildFile; fileRef = 3905F53B2B5AA77700B910DD /* SearchResultViewController.swift */; };
		3905F53E2B5AA79400B910DD /* SearchDetail.storyboard in Resources */ = {isa = PBXBuildFile; fileRef = 3905F53D2B5AA79400B910DD /* SearchDetail.storyboard */; };
		3905F5402B5AA79F00B910DD /* SearchDetailViewController.swift in Sources */ = {isa = PBXBuildFile; fileRef = 3905F53F2B5AA79F00B910DD /* SearchDetailViewController.swift */; };
		3905F5422B5AA7BB00B910DD /* Setting.storyboard in Resources */ = {isa = PBXBuildFile; fileRef = 3905F5412B5AA7BB00B910DD /* Setting.storyboard */; };
		3905F5442B5AA7C800B910DD /* SettingViewController.swift in Sources */ = {isa = PBXBuildFile; fileRef = 3905F5432B5AA7C800B910DD /* SettingViewController.swift */; };
		3905F5472B5AB01B00B910DD /* SearchLogTableViewCell.swift in Sources */ = {isa = PBXBuildFile; fileRef = 3905F5452B5AB01B00B910DD /* SearchLogTableViewCell.swift */; };
		3905F5482B5AB01B00B910DD /* SearchLogTableViewCell.xib in Resources */ = {isa = PBXBuildFile; fileRef = 3905F5462B5AB01B00B910DD /* SearchLogTableViewCell.xib */; };
		3905F54B2B5AB39B00B910DD /* ResultCollectionViewCell.swift in Sources */ = {isa = PBXBuildFile; fileRef = 3905F5492B5AB39B00B910DD /* ResultCollectionViewCell.swift */; };
		3905F54C2B5AB39B00B910DD /* ResultCollectionViewCell.xib in Resources */ = {isa = PBXBuildFile; fileRef = 3905F54A2B5AB39B00B910DD /* ResultCollectionViewCell.xib */; };
		3905F54F2B5AB83A00B910DD /* SettingTableViewCell.swift in Sources */ = {isa = PBXBuildFile; fileRef = 3905F54D2B5AB83A00B910DD /* SettingTableViewCell.swift */; };
		3905F5502B5AB83A00B910DD /* SettingTableViewCell.xib in Resources */ = {isa = PBXBuildFile; fileRef = 3905F54E2B5AB83A00B910DD /* SettingTableViewCell.xib */; };
		3905F5522B5ABA4B00B910DD /* ProfileImage.storyboard in Resources */ = {isa = PBXBuildFile; fileRef = 3905F5512B5ABA4B00B910DD /* ProfileImage.storyboard */; };
		39375C412B5E6D260053AEE6 /* Protocol.swift in Sources */ = {isa = PBXBuildFile; fileRef = 39375C402B5E6D260053AEE6 /* Protocol.swift */; };
		39ADA2152B59855800F7D28A /* AppDelegate.swift in Sources */ = {isa = PBXBuildFile; fileRef = 39ADA2142B59855800F7D28A /* AppDelegate.swift */; };
		39ADA2172B59855800F7D28A /* SceneDelegate.swift in Sources */ = {isa = PBXBuildFile; fileRef = 39ADA2162B59855800F7D28A /* SceneDelegate.swift */; };
		39ADA2192B59855800F7D28A /* ViewController.swift in Sources */ = {isa = PBXBuildFile; fileRef = 39ADA2182B59855800F7D28A /* ViewController.swift */; };
		39ADA21C2B59855800F7D28A /* Main.storyboard in Resources */ = {isa = PBXBuildFile; fileRef = 39ADA21A2B59855800F7D28A /* Main.storyboard */; };
		39ADA21E2B59855900F7D28A /* Assets.xcassets in Resources */ = {isa = PBXBuildFile; fileRef = 39ADA21D2B59855900F7D28A /* Assets.xcassets */; };
		39ADA2212B59855900F7D28A /* LaunchScreen.storyboard in Resources */ = {isa = PBXBuildFile; fileRef = 39ADA21F2B59855900F7D28A /* LaunchScreen.storyboard */; };
		39ADA2292B59857D00F7D28A /* .gitignore in Resources */ = {isa = PBXBuildFile; fileRef = 39ADA2282B59857D00F7D28A /* .gitignore */; };
		39ADA22C2B59876B00F7D28A /* Onboarding.storyboard in Resources */ = {isa = PBXBuildFile; fileRef = 39ADA22B2B59876B00F7D28A /* Onboarding.storyboard */; };
		39C3402E2B5F3688002FD7D4 /* Toast in Frameworks */ = {isa = PBXBuildFile; productRef = 39C3402D2B5F3688002FD7D4 /* Toast */; };
		39C340302B5F3835002FD7D4 /* WishList.storyboard in Resources */ = {isa = PBXBuildFile; fileRef = 39C3402F2B5F3835002FD7D4 /* WishList.storyboard */; };
		39C340332B5F3ACD002FD7D4 /* WishListViewController.swift in Sources */ = {isa = PBXBuildFile; fileRef = 39C340322B5F3ACD002FD7D4 /* WishListViewController.swift */; };
		39EA1BA92B67D5060098B39E /* ProfileImage.swift in Sources */ = {isa = PBXBuildFile; fileRef = 39EA1BA82B67D5060098B39E /* ProfileImage.swift */; };
		39EA1BAB2B67E6D60098B39E /* NameTextField.swift in Sources */ = {isa = PBXBuildFile; fileRef = 39EA1BAA2B67E6D60098B39E /* NameTextField.swift */; };
		39EA1BAD2B67E8710098B39E /* PointButton.swift in Sources */ = {isa = PBXBuildFile; fileRef = 39EA1BAC2B67E8710098B39E /* PointButton.swift */; };
		39EA1BAF2B67E9A60098B39E /* ProfileButton.swift in Sources */ = {isa = PBXBuildFile; fileRef = 39EA1BAE2B67E9A60098B39E /* ProfileButton.swift */; };
		39EA1BB12B67ED130098B39E /* OptionButton.swift in Sources */ = {isa = PBXBuildFile; fileRef = 39EA1BB02B67ED130098B39E /* OptionButton.swift */; };
		39EA1BB32B67EE770098B39E /* HeartButton.swift in Sources */ = {isa = PBXBuildFile; fileRef = 39EA1BB22B67EE770098B39E /* HeartButton.swift */; };
		39EA1BB52B67EFB10098B39E /* BlackSearchBar.swift in Sources */ = {isa = PBXBuildFile; fileRef = 39EA1BB42B67EFB10098B39E /* BlackSearchBar.swift */; };
		39F696752B5ACC560076305A /* Extension.swift in Sources */ = {isa = PBXBuildFile; fileRef = 39F696742B5ACC560076305A /* Extension.swift */; };
		39F6967C2B5BE6B10076305A /* ProfileTableViewCell.swift in Sources */ = {isa = PBXBuildFile; fileRef = 39F6967A2B5BE6B10076305A /* ProfileTableViewCell.swift */; };
		39F6967D2B5BE6B10076305A /* ProfileTableViewCell.xib in Resources */ = {isa = PBXBuildFile; fileRef = 39F6967B2B5BE6B10076305A /* ProfileTableViewCell.xib */; };
		39F6967F2B5C07200076305A /* UserDefaultManager.swift in Sources */ = {isa = PBXBuildFile; fileRef = 39F6967E2B5C07200076305A /* UserDefaultManager.swift */; };
		39F696812B5CF30D0076305A /* APIKey.swift in Sources */ = {isa = PBXBuildFile; fileRef = 39F696802B5CF30D0076305A /* APIKey.swift */; };
		39F696832B5CF6090076305A /* Result.swift in Sources */ = {isa = PBXBuildFile; fileRef = 39F696822B5CF6090076305A /* Result.swift */; };
		39F696862B5CF7CB0076305A /* Alamofire in Frameworks */ = {isa = PBXBuildFile; productRef = 39F696852B5CF7CB0076305A /* Alamofire */; };
		39F696892B5D0A4F0076305A /* Kingfisher in Frameworks */ = {isa = PBXBuildFile; productRef = 39F696882B5D0A4F0076305A /* Kingfisher */; };
		39F6968B2B5D6D830076305A /* MainTabBarController.swift in Sources */ = {isa = PBXBuildFile; fileRef = 39F6968A2B5D6D830076305A /* MainTabBarController.swift */; };
/* End PBXBuildFile section */

/* Begin PBXFileReference section */
		3905F5272B5AA35600B910DD /* OnboardingViewController.swift */ = {isa = PBXFileReference; lastKnownFileType = sourcecode.swift; path = OnboardingViewController.swift; sourceTree = "<group>"; };
		3905F5292B5AA37300B910DD /* ProfileName.storyboard */ = {isa = PBXFileReference; lastKnownFileType = file.storyboard; path = ProfileName.storyboard; sourceTree = "<group>"; };
		3905F52B2B5AA38200B910DD /* ProfileNameViewController.swift */ = {isa = PBXFileReference; lastKnownFileType = sourcecode.swift; path = ProfileNameViewController.swift; sourceTree = "<group>"; };
		3905F52D2B5AA39B00B910DD /* ProfileImageViewController.swift */ = {isa = PBXFileReference; lastKnownFileType = sourcecode.swift; path = ProfileImageViewController.swift; sourceTree = "<group>"; };
		3905F5312B5AA3DF00B910DD /* MainSearch.storyboard */ = {isa = PBXFileReference; lastKnownFileType = file.storyboard; path = MainSearch.storyboard; sourceTree = "<group>"; };
		3905F5332B5AA3EC00B910DD /* MainSearchViewController.swift */ = {isa = PBXFileReference; lastKnownFileType = sourcecode.swift; path = MainSearchViewController.swift; sourceTree = "<group>"; };
		3905F5352B5AA60C00B910DD /* MainSearchEmpty.storyboard */ = {isa = PBXFileReference; lastKnownFileType = file.storyboard; path = MainSearchEmpty.storyboard; sourceTree = "<group>"; };
		3905F5372B5AA74C00B910DD /* MainSearchEmptyViewController.swift */ = {isa = PBXFileReference; lastKnownFileType = sourcecode.swift; path = MainSearchEmptyViewController.swift; sourceTree = "<group>"; };
		3905F5392B5AA76C00B910DD /* SearchResult.storyboard */ = {isa = PBXFileReference; lastKnownFileType = file.storyboard; path = SearchResult.storyboard; sourceTree = "<group>"; };
		3905F53B2B5AA77700B910DD /* SearchResultViewController.swift */ = {isa = PBXFileReference; lastKnownFileType = sourcecode.swift; path = SearchResultViewController.swift; sourceTree = "<group>"; };
		3905F53D2B5AA79400B910DD /* SearchDetail.storyboard */ = {isa = PBXFileReference; lastKnownFileType = file.storyboard; path = SearchDetail.storyboard; sourceTree = "<group>"; };
		3905F53F2B5AA79F00B910DD /* SearchDetailViewController.swift */ = {isa = PBXFileReference; lastKnownFileType = sourcecode.swift; path = SearchDetailViewController.swift; sourceTree = "<group>"; };
		3905F5412B5AA7BB00B910DD /* Setting.storyboard */ = {isa = PBXFileReference; lastKnownFileType = file.storyboard; path = Setting.storyboard; sourceTree = "<group>"; };
		3905F5432B5AA7C800B910DD /* SettingViewController.swift */ = {isa = PBXFileReference; lastKnownFileType = sourcecode.swift; path = SettingViewController.swift; sourceTree = "<group>"; };
		3905F5452B5AB01B00B910DD /* SearchLogTableViewCell.swift */ = {isa = PBXFileReference; lastKnownFileType = sourcecode.swift; path = SearchLogTableViewCell.swift; sourceTree = "<group>"; };
		3905F5462B5AB01B00B910DD /* SearchLogTableViewCell.xib */ = {isa = PBXFileReference; lastKnownFileType = file.xib; path = SearchLogTableViewCell.xib; sourceTree = "<group>"; };
		3905F5492B5AB39B00B910DD /* ResultCollectionViewCell.swift */ = {isa = PBXFileReference; lastKnownFileType = sourcecode.swift; path = ResultCollectionViewCell.swift; sourceTree = "<group>"; };
		3905F54A2B5AB39B00B910DD /* ResultCollectionViewCell.xib */ = {isa = PBXFileReference; lastKnownFileType = file.xib; path = ResultCollectionViewCell.xib; sourceTree = "<group>"; };
		3905F54D2B5AB83A00B910DD /* SettingTableViewCell.swift */ = {isa = PBXFileReference; lastKnownFileType = sourcecode.swift; path = SettingTableViewCell.swift; sourceTree = "<group>"; };
		3905F54E2B5AB83A00B910DD /* SettingTableViewCell.xib */ = {isa = PBXFileReference; lastKnownFileType = file.xib; path = SettingTableViewCell.xib; sourceTree = "<group>"; };
		3905F5512B5ABA4B00B910DD /* ProfileImage.storyboard */ = {isa = PBXFileReference; lastKnownFileType = file.storyboard; path = ProfileImage.storyboard; sourceTree = "<group>"; };
		39375C402B5E6D260053AEE6 /* Protocol.swift */ = {isa = PBXFileReference; lastKnownFileType = sourcecode.swift; path = Protocol.swift; sourceTree = "<group>"; };
		39ADA2112B59855800F7D28A /* SeSACShopping.app */ = {isa = PBXFileReference; explicitFileType = wrapper.application; includeInIndex = 0; path = SeSACShopping.app; sourceTree = BUILT_PRODUCTS_DIR; };
		39ADA2142B59855800F7D28A /* AppDelegate.swift */ = {isa = PBXFileReference; lastKnownFileType = sourcecode.swift; path = AppDelegate.swift; sourceTree = "<group>"; };
		39ADA2162B59855800F7D28A /* SceneDelegate.swift */ = {isa = PBXFileReference; lastKnownFileType = sourcecode.swift; path = SceneDelegate.swift; sourceTree = "<group>"; };
		39ADA2182B59855800F7D28A /* ViewController.swift */ = {isa = PBXFileReference; lastKnownFileType = sourcecode.swift; path = ViewController.swift; sourceTree = "<group>"; };
		39ADA21B2B59855800F7D28A /* Base */ = {isa = PBXFileReference; lastKnownFileType = file.storyboard; name = Base; path = Base.lproj/Main.storyboard; sourceTree = "<group>"; };
		39ADA21D2B59855900F7D28A /* Assets.xcassets */ = {isa = PBXFileReference; lastKnownFileType = folder.assetcatalog; path = Assets.xcassets; sourceTree = "<group>"; };
		39ADA2202B59855900F7D28A /* Base */ = {isa = PBXFileReference; lastKnownFileType = file.storyboard; name = Base; path = Base.lproj/LaunchScreen.storyboard; sourceTree = "<group>"; };
		39ADA2222B59855900F7D28A /* Info.plist */ = {isa = PBXFileReference; lastKnownFileType = text.plist.xml; path = Info.plist; sourceTree = "<group>"; };
		39ADA2282B59857D00F7D28A /* .gitignore */ = {isa = PBXFileReference; lastKnownFileType = text; path = .gitignore; sourceTree = "<group>"; };
		39ADA22B2B59876B00F7D28A /* Onboarding.storyboard */ = {isa = PBXFileReference; lastKnownFileType = file.storyboard; path = Onboarding.storyboard; sourceTree = "<group>"; };
		39C3402F2B5F3835002FD7D4 /* WishList.storyboard */ = {isa = PBXFileReference; lastKnownFileType = file.storyboard; path = WishList.storyboard; sourceTree = "<group>"; };
		39C340322B5F3ACD002FD7D4 /* WishListViewController.swift */ = {isa = PBXFileReference; lastKnownFileType = sourcecode.swift; path = WishListViewController.swift; sourceTree = "<group>"; };
		39EA1BA82B67D5060098B39E /* ProfileImage.swift */ = {isa = PBXFileReference; lastKnownFileType = sourcecode.swift; path = ProfileImage.swift; sourceTree = "<group>"; };
		39EA1BAA2B67E6D60098B39E /* NameTextField.swift */ = {isa = PBXFileReference; lastKnownFileType = sourcecode.swift; path = NameTextField.swift; sourceTree = "<group>"; };
		39EA1BAC2B67E8710098B39E /* PointButton.swift */ = {isa = PBXFileReference; lastKnownFileType = sourcecode.swift; path = PointButton.swift; sourceTree = "<group>"; };
		39EA1BAE2B67E9A60098B39E /* ProfileButton.swift */ = {isa = PBXFileReference; lastKnownFileType = sourcecode.swift; path = ProfileButton.swift; sourceTree = "<group>"; };
		39EA1BB02B67ED130098B39E /* OptionButton.swift */ = {isa = PBXFileReference; lastKnownFileType = sourcecode.swift; path = OptionButton.swift; sourceTree = "<group>"; };
		39EA1BB22B67EE770098B39E /* HeartButton.swift */ = {isa = PBXFileReference; lastKnownFileType = sourcecode.swift; path = HeartButton.swift; sourceTree = "<group>"; };
		39EA1BB42B67EFB10098B39E /* BlackSearchBar.swift */ = {isa = PBXFileReference; lastKnownFileType = sourcecode.swift; path = BlackSearchBar.swift; sourceTree = "<group>"; };
		39F696742B5ACC560076305A /* Extension.swift */ = {isa = PBXFileReference; lastKnownFileType = sourcecode.swift; path = Extension.swift; sourceTree = "<group>"; };
		39F6967A2B5BE6B10076305A /* ProfileTableViewCell.swift */ = {isa = PBXFileReference; lastKnownFileType = sourcecode.swift; path = ProfileTableViewCell.swift; sourceTree = "<group>"; };
		39F6967B2B5BE6B10076305A /* ProfileTableViewCell.xib */ = {isa = PBXFileReference; lastKnownFileType = file.xib; path = ProfileTableViewCell.xib; sourceTree = "<group>"; };
		39F6967E2B5C07200076305A /* UserDefaultManager.swift */ = {isa = PBXFileReference; lastKnownFileType = sourcecode.swift; path = UserDefaultManager.swift; sourceTree = "<group>"; };
		39F696802B5CF30D0076305A /* APIKey.swift */ = {isa = PBXFileReference; lastKnownFileType = sourcecode.swift; path = APIKey.swift; sourceTree = "<group>"; };
		39F696822B5CF6090076305A /* Result.swift */ = {isa = PBXFileReference; lastKnownFileType = sourcecode.swift; path = Result.swift; sourceTree = "<group>"; };
		39F6968A2B5D6D830076305A /* MainTabBarController.swift */ = {isa = PBXFileReference; lastKnownFileType = sourcecode.swift; path = MainTabBarController.swift; sourceTree = "<group>"; };
/* End PBXFileReference section */

/* Begin PBXFrameworksBuildPhase section */
		39ADA20E2B59855800F7D28A /* Frameworks */ = {
			isa = PBXFrameworksBuildPhase;
			buildActionMask = 2147483647;
			files = (
				39C3402E2B5F3688002FD7D4 /* Toast in Frameworks */,
				39F696892B5D0A4F0076305A /* Kingfisher in Frameworks */,
				39F696862B5CF7CB0076305A /* Alamofire in Frameworks */,
			);
			runOnlyForDeploymentPostprocessing = 0;
		};
/* End PBXFrameworksBuildPhase section */

/* Begin PBXGroup section */
		39ADA2082B59855800F7D28A = {
			isa = PBXGroup;
			children = (
				39ADA2282B59857D00F7D28A /* .gitignore */,
				39ADA2132B59855800F7D28A /* SeSACShopping */,
				39ADA2122B59855800F7D28A /* Products */,
			);
			sourceTree = "<group>";
		};
		39ADA2122B59855800F7D28A /* Products */ = {
			isa = PBXGroup;
			children = (
				39ADA2112B59855800F7D28A /* SeSACShopping.app */,
			);
			name = Products;
			sourceTree = "<group>";
		};
		39ADA2132B59855800F7D28A /* SeSACShopping */ = {
			isa = PBXGroup;
			children = (
				39F6968A2B5D6D830076305A /* MainTabBarController.swift */,
				39EA1BA72B67D4F00098B39E /* CustomView */,
				39ADA22A2B59875000F7D28A /* Onboarding */,
				39ADA22E2B5988D600F7D28A /* ProfileName */,
				39ADA22D2B5988C300F7D28A /* ProfileImage */,
				39ADA22F2B5988ED00F7D28A /* MainSearchEmpty */,
				39ADA2302B59890600F7D28A /* MainSearch */,
				39ADA2312B59891100F7D28A /* SearchResult */,
				39ADA2322B59891E00F7D28A /* SearchDetail */,
				39C340312B5F3856002FD7D4 /* WishList */,
				39ADA2332B59892F00F7D28A /* Setting */,
				39ADA2142B59855800F7D28A /* AppDelegate.swift */,
				39ADA2162B59855800F7D28A /* SceneDelegate.swift */,
				39ADA2182B59855800F7D28A /* ViewController.swift */,
				39ADA21A2B59855800F7D28A /* Main.storyboard */,
				39ADA21D2B59855900F7D28A /* Assets.xcassets */,
				39ADA21F2B59855900F7D28A /* LaunchScreen.storyboard */,
				39ADA2222B59855900F7D28A /* Info.plist */,
				39F696742B5ACC560076305A /* Extension.swift */,
				39F6967E2B5C07200076305A /* UserDefaultManager.swift */,
				39F696802B5CF30D0076305A /* APIKey.swift */,
				39F696822B5CF6090076305A /* Result.swift */,
				39375C402B5E6D260053AEE6 /* Protocol.swift */,
			);
			path = SeSACShopping;
			sourceTree = "<group>";
		};
		39ADA22A2B59875000F7D28A /* Onboarding */ = {
			isa = PBXGroup;
			children = (
				39ADA22B2B59876B00F7D28A /* Onboarding.storyboard */,
				3905F5272B5AA35600B910DD /* OnboardingViewController.swift */,
			);
			path = Onboarding;
			sourceTree = "<group>";
		};
		39ADA22D2B5988C300F7D28A /* ProfileImage */ = {
			isa = PBXGroup;
			children = (
				3905F52D2B5AA39B00B910DD /* ProfileImageViewController.swift */,
				3905F5512B5ABA4B00B910DD /* ProfileImage.storyboard */,
			);
			path = ProfileImage;
			sourceTree = "<group>";
		};
		39ADA22E2B5988D600F7D28A /* ProfileName */ = {
			isa = PBXGroup;
			children = (
				3905F5292B5AA37300B910DD /* ProfileName.storyboard */,
				3905F52B2B5AA38200B910DD /* ProfileNameViewController.swift */,
			);
			path = ProfileName;
			sourceTree = "<group>";
		};
		39ADA22F2B5988ED00F7D28A /* MainSearchEmpty */ = {
			isa = PBXGroup;
			children = (
				3905F5352B5AA60C00B910DD /* MainSearchEmpty.storyboard */,
				3905F5372B5AA74C00B910DD /* MainSearchEmptyViewController.swift */,
			);
			path = MainSearchEmpty;
			sourceTree = "<group>";
		};
		39ADA2302B59890600F7D28A /* MainSearch */ = {
			isa = PBXGroup;
			children = (
				3905F5312B5AA3DF00B910DD /* MainSearch.storyboard */,
				3905F5332B5AA3EC00B910DD /* MainSearchViewController.swift */,
				3905F5452B5AB01B00B910DD /* SearchLogTableViewCell.swift */,
				3905F5462B5AB01B00B910DD /* SearchLogTableViewCell.xib */,
			);
			path = MainSearch;
			sourceTree = "<group>";
		};
		39ADA2312B59891100F7D28A /* SearchResult */ = {
			isa = PBXGroup;
			children = (
				3905F5392B5AA76C00B910DD /* SearchResult.storyboard */,
				3905F53B2B5AA77700B910DD /* SearchResultViewController.swift */,
				3905F5492B5AB39B00B910DD /* ResultCollectionViewCell.swift */,
				3905F54A2B5AB39B00B910DD /* ResultCollectionViewCell.xib */,
			);
			path = SearchResult;
			sourceTree = "<group>";
		};
		39ADA2322B59891E00F7D28A /* SearchDetail */ = {
			isa = PBXGroup;
			children = (
				3905F53D2B5AA79400B910DD /* SearchDetail.storyboard */,
				3905F53F2B5AA79F00B910DD /* SearchDetailViewController.swift */,
			);
			path = SearchDetail;
			sourceTree = "<group>";
		};
		39ADA2332B59892F00F7D28A /* Setting */ = {
			isa = PBXGroup;
			children = (
				3905F5412B5AA7BB00B910DD /* Setting.storyboard */,
				3905F5432B5AA7C800B910DD /* SettingViewController.swift */,
				3905F54D2B5AB83A00B910DD /* SettingTableViewCell.swift */,
				3905F54E2B5AB83A00B910DD /* SettingTableViewCell.xib */,
				39F6967A2B5BE6B10076305A /* ProfileTableViewCell.swift */,
				39F6967B2B5BE6B10076305A /* ProfileTableViewCell.xib */,
			);
			path = Setting;
			sourceTree = "<group>";
		};
		39C340312B5F3856002FD7D4 /* WishList */ = {
			isa = PBXGroup;
			children = (
				39C3402F2B5F3835002FD7D4 /* WishList.storyboard */,
				39C340322B5F3ACD002FD7D4 /* WishListViewController.swift */,
			);
			path = WishList;
			sourceTree = "<group>";
		};
		39EA1BA72B67D4F00098B39E /* CustomView */ = {
			isa = PBXGroup;
			children = (
				39EA1BB62B67F1700098B39E /* Button */,
				39EA1BA82B67D5060098B39E /* ProfileImage.swift */,
				39EA1BAA2B67E6D60098B39E /* NameTextField.swift */,
				39EA1BB42B67EFB10098B39E /* BlackSearchBar.swift */,
			);
			path = CustomView;
			sourceTree = "<group>";
		};
		39EA1BB62B67F1700098B39E /* Button */ = {
			isa = PBXGroup;
			children = (
				39EA1BAE2B67E9A60098B39E /* ProfileButton.swift */,
				39EA1BAC2B67E8710098B39E /* PointButton.swift */,
				39EA1BB02B67ED130098B39E /* OptionButton.swift */,
				39EA1BB22B67EE770098B39E /* HeartButton.swift */,
			);
			path = Button;
			sourceTree = "<group>";
		};
/* End PBXGroup section */

/* Begin PBXNativeTarget section */
		39ADA2102B59855800F7D28A /* SeSACShopping */ = {
			isa = PBXNativeTarget;
			buildConfigurationList = 39ADA2252B59855900F7D28A /* Build configuration list for PBXNativeTarget "SeSACShopping" */;
			buildPhases = (
				39ADA20D2B59855800F7D28A /* Sources */,
				39ADA20E2B59855800F7D28A /* Frameworks */,
				39ADA20F2B59855800F7D28A /* Resources */,
			);
			buildRules = (
			);
			dependencies = (
			);
			name = SeSACShopping;
			packageProductDependencies = (
				39F696852B5CF7CB0076305A /* Alamofire */,
				39F696882B5D0A4F0076305A /* Kingfisher */,
				39C3402D2B5F3688002FD7D4 /* Toast */,
			);
			productName = SeSACShopping;
			productReference = 39ADA2112B59855800F7D28A /* SeSACShopping.app */;
			productType = "com.apple.product-type.application";
		};
/* End PBXNativeTarget section */

/* Begin PBXProject section */
		39ADA2092B59855800F7D28A /* Project object */ = {
			isa = PBXProject;
			attributes = {
				BuildIndependentTargetsInParallel = 1;
				LastSwiftUpdateCheck = 1510;
				LastUpgradeCheck = 1510;
				TargetAttributes = {
					39ADA2102B59855800F7D28A = {
						CreatedOnToolsVersion = 15.1;
					};
				};
			};
			buildConfigurationList = 39ADA20C2B59855800F7D28A /* Build configuration list for PBXProject "SeSACShopping" */;
			compatibilityVersion = "Xcode 14.0";
			developmentRegion = en;
			hasScannedForEncodings = 0;
			knownRegions = (
				en,
				Base,
			);
			mainGroup = 39ADA2082B59855800F7D28A;
			packageReferences = (
				39F696842B5CF7CB0076305A /* XCRemoteSwiftPackageReference "Alamofire" */,
				39F696872B5D0A4F0076305A /* XCRemoteSwiftPackageReference "Kingfisher" */,
				39C3402C2B5F3688002FD7D4 /* XCRemoteSwiftPackageReference "Toast-Swift" */,
			);
			productRefGroup = 39ADA2122B59855800F7D28A /* Products */;
			projectDirPath = "";
			projectRoot = "";
			targets = (
				39ADA2102B59855800F7D28A /* SeSACShopping */,
			);
		};
/* End PBXProject section */

/* Begin PBXResourcesBuildPhase section */
		39ADA20F2B59855800F7D28A /* Resources */ = {
			isa = PBXResourcesBuildPhase;
			buildActionMask = 2147483647;
			files = (
				3905F5482B5AB01B00B910DD /* SearchLogTableViewCell.xib in Resources */,
				39ADA2292B59857D00F7D28A /* .gitignore in Resources */,
				3905F5362B5AA60C00B910DD /* MainSearchEmpty.storyboard in Resources */,
				3905F53E2B5AA79400B910DD /* SearchDetail.storyboard in Resources */,
				39ADA2212B59855900F7D28A /* LaunchScreen.storyboard in Resources */,
				39ADA21E2B59855900F7D28A /* Assets.xcassets in Resources */,
				3905F53A2B5AA76C00B910DD /* SearchResult.storyboard in Resources */,
				3905F5502B5AB83A00B910DD /* SettingTableViewCell.xib in Resources */,
				39ADA21C2B59855800F7D28A /* Main.storyboard in Resources */,
				39ADA22C2B59876B00F7D28A /* Onboarding.storyboard in Resources */,
				3905F5522B5ABA4B00B910DD /* ProfileImage.storyboard in Resources */,
				39C340302B5F3835002FD7D4 /* WishList.storyboard in Resources */,
				3905F52A2B5AA37300B910DD /* ProfileName.storyboard in Resources */,
				3905F5322B5AA3DF00B910DD /* MainSearch.storyboard in Resources */,
				39F6967D2B5BE6B10076305A /* ProfileTableViewCell.xib in Resources */,
				3905F5422B5AA7BB00B910DD /* Setting.storyboard in Resources */,
				3905F54C2B5AB39B00B910DD /* ResultCollectionViewCell.xib in Resources */,
			);
			runOnlyForDeploymentPostprocessing = 0;
		};
/* End PBXResourcesBuildPhase section */

/* Begin PBXSourcesBuildPhase section */
		39ADA20D2B59855800F7D28A /* Sources */ = {
			isa = PBXSourcesBuildPhase;
			buildActionMask = 2147483647;
			files = (
				39EA1BAB2B67E6D60098B39E /* NameTextField.swift in Sources */,
				39EA1BAF2B67E9A60098B39E /* ProfileButton.swift in Sources */,
				39EA1BB52B67EFB10098B39E /* BlackSearchBar.swift in Sources */,
				3905F52E2B5AA39B00B910DD /* ProfileImageViewController.swift in Sources */,
				3905F5442B5AA7C800B910DD /* SettingViewController.swift in Sources */,
				39F6968B2B5D6D830076305A /* MainTabBarController.swift in Sources */,
				39F696832B5CF6090076305A /* Result.swift in Sources */,
				3905F54F2B5AB83A00B910DD /* SettingTableViewCell.swift in Sources */,
				3905F5472B5AB01B00B910DD /* SearchLogTableViewCell.swift in Sources */,
				3905F53C2B5AA77700B910DD /* SearchResultViewController.swift in Sources */,
				39C340332B5F3ACD002FD7D4 /* WishListViewController.swift in Sources */,
				3905F52C2B5AA38200B910DD /* ProfileNameViewController.swift in Sources */,
				39ADA2192B59855800F7D28A /* ViewController.swift in Sources */,
				3905F5342B5AA3EC00B910DD /* MainSearchViewController.swift in Sources */,
				39F696752B5ACC560076305A /* Extension.swift in Sources */,
				39F6967C2B5BE6B10076305A /* ProfileTableViewCell.swift in Sources */,
				39ADA2152B59855800F7D28A /* AppDelegate.swift in Sources */,
				3905F5402B5AA79F00B910DD /* SearchDetailViewController.swift in Sources */,
				39EA1BB12B67ED130098B39E /* OptionButton.swift in Sources */,
				39ADA2172B59855800F7D28A /* SceneDelegate.swift in Sources */,
				3905F5282B5AA35600B910DD /* OnboardingViewController.swift in Sources */,
				39EA1BB32B67EE770098B39E /* HeartButton.swift in Sources */,
				3905F54B2B5AB39B00B910DD /* ResultCollectionViewCell.swift in Sources */,
				39EA1BA92B67D5060098B39E /* ProfileImage.swift in Sources */,
				39375C412B5E6D260053AEE6 /* Protocol.swift in Sources */,
				39F6967F2B5C07200076305A /* UserDefaultManager.swift in Sources */,
				39F696812B5CF30D0076305A /* APIKey.swift in Sources */,
				3905F5382B5AA74C00B910DD /* MainSearchEmptyViewController.swift in Sources */,
				39EA1BAD2B67E8710098B39E /* PointButton.swift in Sources */,
			);
			runOnlyForDeploymentPostprocessing = 0;
		};
/* End PBXSourcesBuildPhase section */

/* Begin PBXVariantGroup section */
		39ADA21A2B59855800F7D28A /* Main.storyboard */ = {
			isa = PBXVariantGroup;
			children = (
				39ADA21B2B59855800F7D28A /* Base */,
			);
			name = Main.storyboard;
			sourceTree = "<group>";
		};
		39ADA21F2B59855900F7D28A /* LaunchScreen.storyboard */ = {
			isa = PBXVariantGroup;
			children = (
				39ADA2202B59855900F7D28A /* Base */,
			);
			name = LaunchScreen.storyboard;
			sourceTree = "<group>";
		};
/* End PBXVariantGroup section */

/* Begin XCBuildConfiguration section */
		39ADA2232B59855900F7D28A /* Debug */ = {
			isa = XCBuildConfiguration;
			buildSettings = {
				ALWAYS_SEARCH_USER_PATHS = NO;
				ASSETCATALOG_COMPILER_GENERATE_SWIFT_ASSET_SYMBOL_EXTENSIONS = YES;
				CLANG_ANALYZER_NONNULL = YES;
				CLANG_ANALYZER_NUMBER_OBJECT_CONVERSION = YES_AGGRESSIVE;
				CLANG_CXX_LANGUAGE_STANDARD = "gnu++20";
				CLANG_ENABLE_MODULES = YES;
				CLANG_ENABLE_OBJC_ARC = YES;
				CLANG_ENABLE_OBJC_WEAK = YES;
				CLANG_WARN_BLOCK_CAPTURE_AUTORELEASING = YES;
				CLANG_WARN_BOOL_CONVERSION = YES;
				CLANG_WARN_COMMA = YES;
				CLANG_WARN_CONSTANT_CONVERSION = YES;
				CLANG_WARN_DEPRECATED_OBJC_IMPLEMENTATIONS = YES;
				CLANG_WARN_DIRECT_OBJC_ISA_USAGE = YES_ERROR;
				CLANG_WARN_DOCUMENTATION_COMMENTS = YES;
				CLANG_WARN_EMPTY_BODY = YES;
				CLANG_WARN_ENUM_CONVERSION = YES;
				CLANG_WARN_INFINITE_RECURSION = YES;
				CLANG_WARN_INT_CONVERSION = YES;
				CLANG_WARN_NON_LITERAL_NULL_CONVERSION = YES;
				CLANG_WARN_OBJC_IMPLICIT_RETAIN_SELF = YES;
				CLANG_WARN_OBJC_LITERAL_CONVERSION = YES;
				CLANG_WARN_OBJC_ROOT_CLASS = YES_ERROR;
				CLANG_WARN_QUOTED_INCLUDE_IN_FRAMEWORK_HEADER = YES;
				CLANG_WARN_RANGE_LOOP_ANALYSIS = YES;
				CLANG_WARN_STRICT_PROTOTYPES = YES;
				CLANG_WARN_SUSPICIOUS_MOVE = YES;
				CLANG_WARN_UNGUARDED_AVAILABILITY = YES_AGGRESSIVE;
				CLANG_WARN_UNREACHABLE_CODE = YES;
				CLANG_WARN__DUPLICATE_METHOD_MATCH = YES;
				COPY_PHASE_STRIP = NO;
				DEBUG_INFORMATION_FORMAT = dwarf;
				ENABLE_STRICT_OBJC_MSGSEND = YES;
				ENABLE_TESTABILITY = YES;
				ENABLE_USER_SCRIPT_SANDBOXING = YES;
				GCC_C_LANGUAGE_STANDARD = gnu17;
				GCC_DYNAMIC_NO_PIC = NO;
				GCC_NO_COMMON_BLOCKS = YES;
				GCC_OPTIMIZATION_LEVEL = 0;
				GCC_PREPROCESSOR_DEFINITIONS = (
					"DEBUG=1",
					"$(inherited)",
				);
				GCC_WARN_64_TO_32_BIT_CONVERSION = YES;
				GCC_WARN_ABOUT_RETURN_TYPE = YES_ERROR;
				GCC_WARN_UNDECLARED_SELECTOR = YES;
				GCC_WARN_UNINITIALIZED_AUTOS = YES_AGGRESSIVE;
				GCC_WARN_UNUSED_FUNCTION = YES;
				GCC_WARN_UNUSED_VARIABLE = YES;
				IPHONEOS_DEPLOYMENT_TARGET = 17.2;
				LOCALIZATION_PREFERS_STRING_CATALOGS = YES;
				MTL_ENABLE_DEBUG_INFO = INCLUDE_SOURCE;
				MTL_FAST_MATH = YES;
				ONLY_ACTIVE_ARCH = YES;
				SDKROOT = iphoneos;
				SWIFT_ACTIVE_COMPILATION_CONDITIONS = "DEBUG $(inherited)";
				SWIFT_OPTIMIZATION_LEVEL = "-Onone";
			};
			name = Debug;
		};
		39ADA2242B59855900F7D28A /* Release */ = {
			isa = XCBuildConfiguration;
			buildSettings = {
				ALWAYS_SEARCH_USER_PATHS = NO;
				ASSETCATALOG_COMPILER_GENERATE_SWIFT_ASSET_SYMBOL_EXTENSIONS = YES;
				CLANG_ANALYZER_NONNULL = YES;
				CLANG_ANALYZER_NUMBER_OBJECT_CONVERSION = YES_AGGRESSIVE;
				CLANG_CXX_LANGUAGE_STANDARD = "gnu++20";
				CLANG_ENABLE_MODULES = YES;
				CLANG_ENABLE_OBJC_ARC = YES;
				CLANG_ENABLE_OBJC_WEAK = YES;
				CLANG_WARN_BLOCK_CAPTURE_AUTORELEASING = YES;
				CLANG_WARN_BOOL_CONVERSION = YES;
				CLANG_WARN_COMMA = YES;
				CLANG_WARN_CONSTANT_CONVERSION = YES;
				CLANG_WARN_DEPRECATED_OBJC_IMPLEMENTATIONS = YES;
				CLANG_WARN_DIRECT_OBJC_ISA_USAGE = YES_ERROR;
				CLANG_WARN_DOCUMENTATION_COMMENTS = YES;
				CLANG_WARN_EMPTY_BODY = YES;
				CLANG_WARN_ENUM_CONVERSION = YES;
				CLANG_WARN_INFINITE_RECURSION = YES;
				CLANG_WARN_INT_CONVERSION = YES;
				CLANG_WARN_NON_LITERAL_NULL_CONVERSION = YES;
				CLANG_WARN_OBJC_IMPLICIT_RETAIN_SELF = YES;
				CLANG_WARN_OBJC_LITERAL_CONVERSION = YES;
				CLANG_WARN_OBJC_ROOT_CLASS = YES_ERROR;
				CLANG_WARN_QUOTED_INCLUDE_IN_FRAMEWORK_HEADER = YES;
				CLANG_WARN_RANGE_LOOP_ANALYSIS = YES;
				CLANG_WARN_STRICT_PROTOTYPES = YES;
				CLANG_WARN_SUSPICIOUS_MOVE = YES;
				CLANG_WARN_UNGUARDED_AVAILABILITY = YES_AGGRESSIVE;
				CLANG_WARN_UNREACHABLE_CODE = YES;
				CLANG_WARN__DUPLICATE_METHOD_MATCH = YES;
				COPY_PHASE_STRIP = NO;
				DEBUG_INFORMATION_FORMAT = "dwarf-with-dsym";
				ENABLE_NS_ASSERTIONS = NO;
				ENABLE_STRICT_OBJC_MSGSEND = YES;
				ENABLE_USER_SCRIPT_SANDBOXING = YES;
				GCC_C_LANGUAGE_STANDARD = gnu17;
				GCC_NO_COMMON_BLOCKS = YES;
				GCC_WARN_64_TO_32_BIT_CONVERSION = YES;
				GCC_WARN_ABOUT_RETURN_TYPE = YES_ERROR;
				GCC_WARN_UNDECLARED_SELECTOR = YES;
				GCC_WARN_UNINITIALIZED_AUTOS = YES_AGGRESSIVE;
				GCC_WARN_UNUSED_FUNCTION = YES;
				GCC_WARN_UNUSED_VARIABLE = YES;
				IPHONEOS_DEPLOYMENT_TARGET = 17.2;
				LOCALIZATION_PREFERS_STRING_CATALOGS = YES;
				MTL_ENABLE_DEBUG_INFO = NO;
				MTL_FAST_MATH = YES;
				SDKROOT = iphoneos;
				SWIFT_COMPILATION_MODE = wholemodule;
				VALIDATE_PRODUCT = YES;
			};
			name = Release;
		};
		39ADA2262B59855900F7D28A /* Debug */ = {
			isa = XCBuildConfiguration;
			buildSettings = {
				ASSETCATALOG_COMPILER_APPICON_NAME = AppIcon;
				ASSETCATALOG_COMPILER_GLOBAL_ACCENT_COLOR_NAME = AccentColor;
				CODE_SIGN_STYLE = Automatic;
				CURRENT_PROJECT_VERSION = 1;
				GENERATE_INFOPLIST_FILE = YES;
				INFOPLIST_FILE = SeSACShopping/Info.plist;
				INFOPLIST_KEY_CFBundleDisplayName = "민지은";
				INFOPLIST_KEY_UIApplicationSupportsIndirectInputEvents = YES;
				INFOPLIST_KEY_UILaunchStoryboardName = LaunchScreen;
				INFOPLIST_KEY_UIMainStoryboardFile = Main;
				INFOPLIST_KEY_UISupportedInterfaceOrientations_iPad = "UIInterfaceOrientationPortrait UIInterfaceOrientationPortraitUpsideDown UIInterfaceOrientationLandscapeLeft UIInterfaceOrientationLandscapeRight";
				INFOPLIST_KEY_UISupportedInterfaceOrientations_iPhone = "UIInterfaceOrientationPortrait UIInterfaceOrientationLandscapeLeft UIInterfaceOrientationLandscapeRight";
				IPHONEOS_DEPLOYMENT_TARGET = 15.0;
				LD_RUNPATH_SEARCH_PATHS = (
					"$(inherited)",
					"@executable_path/Frameworks",
				);
				MARKETING_VERSION = 1.0;
				PRODUCT_BUNDLE_IDENTIFIER = com.mje0211.SeSACShopping;
				PRODUCT_NAME = "$(TARGET_NAME)";
				SUPPORTED_PLATFORMS = "iphoneos iphonesimulator";
				SUPPORTS_MACCATALYST = NO;
				SUPPORTS_MAC_DESIGNED_FOR_IPHONE_IPAD = NO;
				SWIFT_EMIT_LOC_STRINGS = YES;
				SWIFT_VERSION = 5.0;
				TARGETED_DEVICE_FAMILY = 1;
			};
			name = Debug;
		};
		39ADA2272B59855900F7D28A /* Release */ = {
			isa = XCBuildConfiguration;
			buildSettings = {
				ASSETCATALOG_COMPILER_APPICON_NAME = AppIcon;
				ASSETCATALOG_COMPILER_GLOBAL_ACCENT_COLOR_NAME = AccentColor;
				CODE_SIGN_STYLE = Automatic;
				CURRENT_PROJECT_VERSION = 1;
				GENERATE_INFOPLIST_FILE = YES;
				INFOPLIST_FILE = SeSACShopping/Info.plist;
				INFOPLIST_KEY_CFBundleDisplayName = "민지은";
				INFOPLIST_KEY_UIApplicationSupportsIndirectInputEvents = YES;
				INFOPLIST_KEY_UILaunchStoryboardName = LaunchScreen;
				INFOPLIST_KEY_UIMainStoryboardFile = Main;
				INFOPLIST_KEY_UISupportedInterfaceOrientations_iPad = "UIInterfaceOrientationPortrait UIInterfaceOrientationPortraitUpsideDown UIInterfaceOrientationLandscapeLeft UIInterfaceOrientationLandscapeRight";
				INFOPLIST_KEY_UISupportedInterfaceOrientations_iPhone = "UIInterfaceOrientationPortrait UIInterfaceOrientationLandscapeLeft UIInterfaceOrientationLandscapeRight";
				IPHONEOS_DEPLOYMENT_TARGET = 15.0;
				LD_RUNPATH_SEARCH_PATHS = (
					"$(inherited)",
					"@executable_path/Frameworks",
				);
				MARKETING_VERSION = 1.0;
				PRODUCT_BUNDLE_IDENTIFIER = com.mje0211.SeSACShopping;
				PRODUCT_NAME = "$(TARGET_NAME)";
				SUPPORTED_PLATFORMS = "iphoneos iphonesimulator";
				SUPPORTS_MACCATALYST = NO;
				SUPPORTS_MAC_DESIGNED_FOR_IPHONE_IPAD = NO;
				SWIFT_EMIT_LOC_STRINGS = YES;
				SWIFT_VERSION = 5.0;
				TARGETED_DEVICE_FAMILY = 1;
			};
			name = Release;
		};
/* End XCBuildConfiguration section */

/* Begin XCConfigurationList section */
		39ADA20C2B59855800F7D28A /* Build configuration list for PBXProject "SeSACShopping" */ = {
			isa = XCConfigurationList;
			buildConfigurations = (
				39ADA2232B59855900F7D28A /* Debug */,
				39ADA2242B59855900F7D28A /* Release */,
			);
			defaultConfigurationIsVisible = 0;
			defaultConfigurationName = Release;
		};
		39ADA2252B59855900F7D28A /* Build configuration list for PBXNativeTarget "SeSACShopping" */ = {
			isa = XCConfigurationList;
			buildConfigurations = (
				39ADA2262B59855900F7D28A /* Debug */,
				39ADA2272B59855900F7D28A /* Release */,
			);
			defaultConfigurationIsVisible = 0;
			defaultConfigurationName = Release;
		};
/* End XCConfigurationList section */

/* Begin XCRemoteSwiftPackageReference section */
		39C3402C2B5F3688002FD7D4 /* XCRemoteSwiftPackageReference "Toast-Swift" */ = {
			isa = XCRemoteSwiftPackageReference;
			repositoryURL = "https://github.com/scalessec/Toast-Swift.git";
			requirement = {
				kind = upToNextMajorVersion;
				minimumVersion = 5.1.0;
			};
		};
		39F696842B5CF7CB0076305A /* XCRemoteSwiftPackageReference "Alamofire" */ = {
			isa = XCRemoteSwiftPackageReference;
			repositoryURL = "https://github.com/Alamofire/Alamofire.git";
			requirement = {
				kind = upToNextMajorVersion;
				minimumVersion = 5.8.1;
			};
		};
		39F696872B5D0A4F0076305A /* XCRemoteSwiftPackageReference "Kingfisher" */ = {
			isa = XCRemoteSwiftPackageReference;
			repositoryURL = "https://github.com/onevcat/Kingfisher.git";
			requirement = {
				kind = upToNextMajorVersion;
				minimumVersion = 7.10.2;
			};
		};
/* End XCRemoteSwiftPackageReference section */

/* Begin XCSwiftPackageProductDependency section */
		39C3402D2B5F3688002FD7D4 /* Toast */ = {
			isa = XCSwiftPackageProductDependency;
			package = 39C3402C2B5F3688002FD7D4 /* XCRemoteSwiftPackageReference "Toast-Swift" */;
			productName = Toast;
		};
		39F696852B5CF7CB0076305A /* Alamofire */ = {
			isa = XCSwiftPackageProductDependency;
			package = 39F696842B5CF7CB0076305A /* XCRemoteSwiftPackageReference "Alamofire" */;
			productName = Alamofire;
		};
		39F696882B5D0A4F0076305A /* Kingfisher */ = {
			isa = XCSwiftPackageProductDependency;
			package = 39F696872B5D0A4F0076305A /* XCRemoteSwiftPackageReference "Kingfisher" */;
			productName = Kingfisher;
		};
/* End XCSwiftPackageProductDependency section */
	};
	rootObject = 39ADA2092B59855800F7D28A /* Project object */;
}
